// !$*UTF8*$!
{
	archiveVersion = 1;
	classes = {
	};
	objectVersion = 55;
	objects = {

/* Begin PBXBuildFile section */
		2EE7082528F47775001519F2 /* Hacker_News_SwiftUIApp.swift in Sources */ = {isa = PBXBuildFile; fileRef = 2EE7082428F47775001519F2 /* Hacker_News_SwiftUIApp.swift */; };
		2EE7082728F47775001519F2 /* ContentView.swift in Sources */ = {isa = PBXBuildFile; fileRef = 2EE7082628F47775001519F2 /* ContentView.swift */; };
		2EE7082928F47777001519F2 /* Assets.xcassets in Resources */ = {isa = PBXBuildFile; fileRef = 2EE7082828F47777001519F2 /* Assets.xcassets */; };
		2EE7082C28F47777001519F2 /* Preview Assets.xcassets in Resources */ = {isa = PBXBuildFile; fileRef = 2EE7082B28F47777001519F2 /* Preview Assets.xcassets */; };
		2EE7083428F47B15001519F2 /* NetworkManager.swift in Sources */ = {isa = PBXBuildFile; fileRef = 2EE7083328F47B15001519F2 /* NetworkManager.swift */; };
		2EE7083628F47C8B001519F2 /* PostData.swift in Sources */ = {isa = PBXBuildFile; fileRef = 2EE7083528F47C8B001519F2 /* PostData.swift */; };
		2EE7083928F486E1001519F2 /* ShowPostView.swift in Sources */ = {isa = PBXBuildFile; fileRef = 2EE7083828F486E1001519F2 /* ShowPostView.swift */; };
		2EE7083B28F48B82001519F2 /* WebView.swift in Sources */ = {isa = PBXBuildFile; fileRef = 2EE7083A28F48B82001519F2 /* WebView.swift */; };
/* End PBXBuildFile section */

/* Begin PBXFileReference section */
		2EE7082128F47775001519F2 /* Hacker-News-SwiftUI.app */ = {isa = PBXFileReference; explicitFileType = wrapper.application; includeInIndex = 0; path = "Hacker-News-SwiftUI.app"; sourceTree = BUILT_PRODUCTS_DIR; };
		2EE7082428F47775001519F2 /* Hacker_News_SwiftUIApp.swift */ = {isa = PBXFileReference; lastKnownFileType = sourcecode.swift; path = Hacker_News_SwiftUIApp.swift; sourceTree = "<group>"; };
		2EE7082628F47775001519F2 /* ContentView.swift */ = {isa = PBXFileReference; lastKnownFileType = sourcecode.swift; path = ContentView.swift; sourceTree = "<group>"; };
		2EE7082828F47777001519F2 /* Assets.xcassets */ = {isa = PBXFileReference; lastKnownFileType = folder.assetcatalog; path = Assets.xcassets; sourceTree = "<group>"; };
		2EE7082B28F47777001519F2 /* Preview Assets.xcassets */ = {isa = PBXFileReference; lastKnownFileType = folder.assetcatalog; path = "Preview Assets.xcassets"; sourceTree = "<group>"; };
		2EE7083328F47B15001519F2 /* NetworkManager.swift */ = {isa = PBXFileReference; lastKnownFileType = sourcecode.swift; path = NetworkManager.swift; sourceTree = "<group>"; };
		2EE7083528F47C8B001519F2 /* PostData.swift */ = {isa = PBXFileReference; lastKnownFileType = sourcecode.swift; path = PostData.swift; sourceTree = "<group>"; };
		2EE7083828F486E1001519F2 /* ShowPostView.swift */ = {isa = PBXFileReference; lastKnownFileType = sourcecode.swift; path = ShowPostView.swift; sourceTree = "<group>"; };
		2EE7083A28F48B82001519F2 /* WebView.swift */ = {isa = PBXFileReference; lastKnownFileType = sourcecode.swift; path = WebView.swift; sourceTree = "<group>"; };
/* End PBXFileReference section */

/* Begin PBXFrameworksBuildPhase section */
		2EE7081E28F47775001519F2 /* Frameworks */ = {
			isa = PBXFrameworksBuildPhase;
			buildActionMask = 2147483647;
			files = (
			);
			runOnlyForDeploymentPostprocessing = 0;
		};
/* End PBXFrameworksBuildPhase section */

/* Begin PBXGroup section */
		2EE7081828F47775001519F2 = {
			isa = PBXGroup;
			children = (
				2EE7082328F47775001519F2 /* Hacker-News-SwiftUI */,
				2EE7082228F47775001519F2 /* Products */,
			);
			sourceTree = "<group>";
		};
		2EE7082228F47775001519F2 /* Products */ = {
			isa = PBXGroup;
			children = (
				2EE7082128F47775001519F2 /* Hacker-News-SwiftUI.app */,
			);
			name = Products;
			sourceTree = "<group>";
		};
		2EE7082328F47775001519F2 /* Hacker-News-SwiftUI */ = {
			isa = PBXGroup;
			children = (
				2EE7082428F47775001519F2 /* Hacker_News_SwiftUIApp.swift */,
				2EE7083728F48698001519F2 /* Views */,
				2EE7083228F47AFC001519F2 /* Models */,
				2EE7082828F47777001519F2 /* Assets.xcassets */,
				2EE7082A28F47777001519F2 /* Preview Content */,
			);
			path = "Hacker-News-SwiftUI";
			sourceTree = "<group>";
		};
		2EE7082A28F47777001519F2 /* Preview Content */ = {
			isa = PBXGroup;
			children = (
				2EE7082B28F47777001519F2 /* Preview Assets.xcassets */,
			);
			path = "Preview Content";
			sourceTree = "<group>";
		};
		2EE7083228F47AFC001519F2 /* Models */ = {
			isa = PBXGroup;
			children = (
				2EE7083328F47B15001519F2 /* NetworkManager.swift */,
				2EE7083528F47C8B001519F2 /* PostData.swift */,
			);
			path = Models;
			sourceTree = "<group>";
		};
		2EE7083728F48698001519F2 /* Views */ = {
			isa = PBXGroup;
			children = (
				2EE7082628F47775001519F2 /* ContentView.swift */,
				2EE7083828F486E1001519F2 /* ShowPostView.swift */,
				2EE7083A28F48B82001519F2 /* WebView.swift */,
			);
			path = Views;
			sourceTree = "<group>";
		};
/* End PBXGroup section */

/* Begin PBXNativeTarget section */
		2EE7082028F47775001519F2 /* Hacker-News-SwiftUI */ = {
			isa = PBXNativeTarget;
			buildConfigurationList = 2EE7082F28F47777001519F2 /* Build configuration list for PBXNativeTarget "Hacker-News-SwiftUI" */;
			buildPhases = (
				2EE7081D28F47775001519F2 /* Sources */,
				2EE7081E28F47775001519F2 /* Frameworks */,
				2EE7081F28F47775001519F2 /* Resources */,
			);
			buildRules = (
			);
			dependencies = (
			);
			name = "Hacker-News-SwiftUI";
			productName = "Hacker-News-SwiftUI";
			productReference = 2EE7082128F47775001519F2 /* Hacker-News-SwiftUI.app */;
			productType = "com.apple.product-type.application";
		};
/* End PBXNativeTarget section */

/* Begin PBXProject section */
		2EE7081928F47775001519F2 /* Project object */ = {
			isa = PBXProject;
			attributes = {
				BuildIndependentTargetsInParallel = 1;
				LastSwiftUpdateCheck = 1340;
				LastUpgradeCheck = 1340;
				TargetAttributes = {
					2EE7082028F47775001519F2 = {
						CreatedOnToolsVersion = 13.4.1;
					};
				};
			};
			buildConfigurationList = 2EE7081C28F47775001519F2 /* Build configuration list for PBXProject "Hacker-News-SwiftUI" */;
			compatibilityVersion = "Xcode 13.0";
			developmentRegion = en;
			hasScannedForEncodings = 0;
			knownRegions = (
				en,
				Base,
			);
			mainGroup = 2EE7081828F47775001519F2;
			productRefGroup = 2EE7082228F47775001519F2 /* Products */;
			projectDirPath = "";
			projectRoot = "";
			targets = (
				2EE7082028F47775001519F2 /* Hacker-News-SwiftUI */,
			);
		};
/* End PBXProject section */

/* Begin PBXResourcesBuildPhase section */
		2EE7081F28F47775001519F2 /* Resources */ = {
			isa = PBXResourcesBuildPhase;
			buildActionMask = 2147483647;
			files = (
				2EE7082C28F47777001519F2 /* Preview Assets.xcassets in Resources */,
				2EE7082928F47777001519F2 /* Assets.xcassets in Resources */,
			);
			runOnlyForDeploymentPostprocessing = 0;
		};
/* End PBXResourcesBuildPhase section */

/* Begin PBXSourcesBuildPhase section */
		2EE7081D28F47775001519F2 /* Sources */ = {
			isa = PBXSourcesBuildPhase;
			buildActionMask = 2147483647;
			files = (
				2EE7083428F47B15001519F2 /* NetworkManager.swift in Sources */,
				2EE7083928F486E1001519F2 /* ShowPostView.swift in Sources */,
				2EE7083628F47C8B001519F2 /* PostData.swift in Sources */,
				2EE7083B28F48B82001519F2 /* WebView.swift in Sources */,
				2EE7082728F47775001519F2 /* ContentView.swift in Sources */,
				2EE7082528F47775001519F2 /* Hacker_News_SwiftUIApp.swift in Sources */,
			);
			runOnlyForDeploymentPostprocessing = 0;
		};
/* End PBXSourcesBuildPhase section */

/* Begin XCBuildConfiguration section */
		2EE7082D28F47777001519F2 /* Debug */ = {
			isa = XCBuildConfiguration;
			buildSettings = {
				ALWAYS_SEARCH_USER_PATHS = NO;
				CLANG_ANALYZER_NONNULL = YES;
				CLANG_ANALYZER_NUMBER_OBJECT_CONVERSION = YES_AGGRESSIVE;
				CLANG_CXX_LANGUAGE_STANDARD = "gnu++17";
				CLANG_ENABLE_MODULES = YES;
				CLANG_ENABLE_OBJC_ARC = YES;
				CLANG_ENABLE_OBJC_WEAK = YES;
				CLANG_WARN_BLOCK_CAPTURE_AUTORELEASING = YES;
				CLANG_WARN_BOOL_CONVERSION = YES;
				CLANG_WARN_COMMA = YES;
				CLANG_WARN_CONSTANT_CONVERSION = YES;
				CLANG_WARN_DEPRECATED_OBJC_IMPLEMENTATIONS = YES;
				CLANG_WARN_DIRECT_OBJC_ISA_USAGE = YES_ERROR;
				CLANG_WARN_DOCUMENTATION_COMMENTS = YES;
				CLANG_WARN_EMPTY_BODY = YES;
				CLANG_WARN_ENUM_CONVERSION = YES;
				CLANG_WARN_INFINITE_RECURSION = YES;
				CLANG_WARN_INT_CONVERSION = YES;
				CLANG_WARN_NON_LITERAL_NULL_CONVERSION = YES;
				CLANG_WARN_OBJC_IMPLICIT_RETAIN_SELF = YES;
				CLANG_WARN_OBJC_LITERAL_CONVERSION = YES;
				CLANG_WARN_OBJC_ROOT_CLASS = YES_ERROR;
				CLANG_WARN_QUOTED_INCLUDE_IN_FRAMEWORK_HEADER = YES;
				CLANG_WARN_RANGE_LOOP_ANALYSIS = YES;
				CLANG_WARN_STRICT_PROTOTYPES = YES;
				CLANG_WARN_SUSPICIOUS_MOVE = YES;
				CLANG_WARN_UNGUARDED_AVAILABILITY = YES_AGGRESSIVE;
				CLANG_WARN_UNREACHABLE_CODE = YES;
				CLANG_WARN__DUPLICATE_METHOD_MATCH = YES;
				COPY_PHASE_STRIP = NO;
				DEBUG_INFORMATION_FORMAT = dwarf;
				ENABLE_STRICT_OBJC_MSGSEND = YES;
				ENABLE_TESTABILITY = YES;
				GCC_C_LANGUAGE_STANDARD = gnu11;
				GCC_DYNAMIC_NO_PIC = NO;
				GCC_NO_COMMON_BLOCKS = YES;
				GCC_OPTIMIZATION_LEVEL = 0;
				GCC_PREPROCESSOR_DEFINITIONS = (
					"DEBUG=1",
					"$(inherited)",
				);
				GCC_WARN_64_TO_32_BIT_CONVERSION = YES;
				GCC_WARN_ABOUT_RETURN_TYPE = YES_ERROR;
				GCC_WARN_UNDECLARED_SELECTOR = YES;
				GCC_WARN_UNINITIALIZED_AUTOS = YES_AGGRESSIVE;
				GCC_WARN_UNUSED_FUNCTION = YES;
				GCC_WARN_UNUSED_VARIABLE = YES;
				IPHONEOS_DEPLOYMENT_TARGET = 15.5;
				MTL_ENABLE_DEBUG_INFO = INCLUDE_SOURCE;
				MTL_FAST_MATH = YES;
				ONLY_ACTIVE_ARCH = YES;
				SDKROOT = iphoneos;
				SWIFT_ACTIVE_COMPILATION_CONDITIONS = DEBUG;
				SWIFT_OPTIMIZATION_LEVEL = "-Onone";
			};
			name = Debug;
		};
		2EE7082E28F47777001519F2 /* Release */ = {
			isa = XCBuildConfiguration;
			buildSettings = {
				ALWAYS_SEARCH_USER_PATHS = NO;
				CLANG_ANALYZER_NONNULL = YES;
				CLANG_ANALYZER_NUMBER_OBJECT_CONVERSION = YES_AGGRESSIVE;
				CLANG_CXX_LANGUAGE_STANDARD = "gnu++17";
				CLANG_ENABLE_MODULES = YES;
				CLANG_ENABLE_OBJC_ARC = YES;
				CLANG_ENABLE_OBJC_WEAK = YES;
				CLANG_WARN_BLOCK_CAPTURE_AUTORELEASING = YES;
				CLANG_WARN_BOOL_CONVERSION = YES;
				CLANG_WARN_COMMA = YES;
				CLANG_WARN_CONSTANT_CONVERSION = YES;
				CLANG_WARN_DEPRECATED_OBJC_IMPLEMENTATIONS = YES;
				CLANG_WARN_DIRECT_OBJC_ISA_USAGE = YES_ERROR;
				CLANG_WARN_DOCUMENTATION_COMMENTS = YES;
				CLANG_WARN_EMPTY_BODY = YES;
				CLANG_WARN_ENUM_CONVERSION = YES;
				CLANG_WARN_INFINITE_RECURSION = YES;
				CLANG_WARN_INT_CONVERSION = YES;
				CLANG_WARN_NON_LITERAL_NULL_CONVERSION = YES;
				CLANG_WARN_OBJC_IMPLICIT_RETAIN_SELF = YES;
				CLANG_WARN_OBJC_LITERAL_CONVERSION = YES;
				CLANG_WARN_OBJC_ROOT_CLASS = YES_ERROR;
				CLANG_WARN_QUOTED_INCLUDE_IN_FRAMEWORK_HEADER = YES;
				CLANG_WARN_RANGE_LOOP_ANALYSIS = YES;
				CLANG_WARN_STRICT_PROTOTYPES = YES;
				CLANG_WARN_SUSPICIOUS_MOVE = YES;
				CLANG_WARN_UNGUARDED_AVAILABILITY = YES_AGGRESSIVE;
				CLANG_WARN_UNREACHABLE_CODE = YES;
				CLANG_WARN__DUPLICATE_METHOD_MATCH = YES;
				COPY_PHASE_STRIP = NO;
				DEBUG_INFORMATION_FORMAT = "dwarf-with-dsym";
				ENABLE_NS_ASSERTIONS = NO;
				ENABLE_STRICT_OBJC_MSGSEND = YES;
				GCC_C_LANGUAGE_STANDARD = gnu11;
				GCC_NO_COMMON_BLOCKS = YES;
				GCC_WARN_64_TO_32_BIT_CONVERSION = YES;
				GCC_WARN_ABOUT_RETURN_TYPE = YES_ERROR;
				GCC_WARN_UNDECLARED_SELECTOR = YES;
				GCC_WARN_UNINITIALIZED_AUTOS = YES_AGGRESSIVE;
				GCC_WARN_UNUSED_FUNCTION = YES;
				GCC_WARN_UNUSED_VARIABLE = YES;
				IPHONEOS_DEPLOYMENT_TARGET = 15.5;
				MTL_ENABLE_DEBUG_INFO = NO;
				MTL_FAST_MATH = YES;
				SDKROOT = iphoneos;
				SWIFT_COMPILATION_MODE = wholemodule;
				SWIFT_OPTIMIZATION_LEVEL = "-O";
				VALIDATE_PRODUCT = YES;
			};
			name = Release;
		};
		2EE7083028F47777001519F2 /* Debug */ = {
			isa = XCBuildConfiguration;
			buildSettings = {
				ASSETCATALOG_COMPILER_APPICON_NAME = AppIcon;
				ASSETCATALOG_COMPILER_GLOBAL_ACCENT_COLOR_NAME = AccentColor;
				CODE_SIGN_STYLE = Automatic;
				CURRENT_PROJECT_VERSION = 1;
				DEVELOPMENT_ASSET_PATHS = "\"Hacker-News-SwiftUI/Preview Content\"";
				DEVELOPMENT_TEAM = 7KDAWBCR66;
				ENABLE_PREVIEWS = YES;
				GENERATE_INFOPLIST_FILE = YES;
				INFOPLIST_KEY_UIApplicationSceneManifest_Generation = YES;
				INFOPLIST_KEY_UIApplicationSupportsIndirectInputEvents = YES;
				INFOPLIST_KEY_UILaunchScreen_Generation = YES;
				INFOPLIST_KEY_UISupportedInterfaceOrientations_iPad = "UIInterfaceOrientationPortrait UIInterfaceOrientationPortraitUpsideDown UIInterfaceOrientationLandscapeLeft UIInterfaceOrientationLandscapeRight";
				INFOPLIST_KEY_UISupportedInterfaceOrientations_iPhone = "UIInterfaceOrientationPortrait UIInterfaceOrientationLandscapeLeft UIInterfaceOrientationLandscapeRight";
				LD_RUNPATH_SEARCH_PATHS = (
					"$(inherited)",
					"@executable_path/Frameworks",
				);
				MARKETING_VERSION = 1.0;
				PRODUCT_BUNDLE_IDENTIFIER = "con.jonas.Hacker-News-SwiftUI";
				PRODUCT_NAME = "$(TARGET_NAME)";
				SWIFT_EMIT_LOC_STRINGS = YES;
				SWIFT_VERSION = 5.0;
				TARGETED_DEVICE_FAMILY = "1,2";
			};
			name = Debug;
		};
		2EE7083128F47777001519F2 /* Release */ = {
			isa = XCBuildConfiguration;
			buildSettings = {
				ASSETCATALOG_COMPILER_APPICON_NAME = AppIcon;
				ASSETCATALOG_COMPILER_GLOBAL_ACCENT_COLOR_NAME = AccentColor;
				CODE_SIGN_STYLE = Automatic;
				CURRENT_PROJECT_VERSION = 1;
				DEVELOPMENT_ASSET_PATHS = "\"Hacker-News-SwiftUI/Preview Content\"";
				DEVELOPMENT_TEAM = 7KDAWBCR66;
				ENABLE_PREVIEWS = YES;
				GENERATE_INFOPLIST_FILE = YES;
				INFOPLIST_KEY_UIApplicationSceneManifest_Generation = YES;
				INFOPLIST_KEY_UIApplicationSupportsIndirectInputEvents = YES;
				INFOPLIST_KEY_UILaunchScreen_Generation = YES;
				INFOPLIST_KEY_UISupportedInterfaceOrientations_iPad = "UIInterfaceOrientationPortrait UIInterfaceOrientationPortraitUpsideDown UIInterfaceOrientationLandscapeLeft UIInterfaceOrientationLandscapeRight";
				INFOPLIST_KEY_UISupportedInterfaceOrientations_iPhone = "UIInterfaceOrientationPortrait UIInterfaceOrientationLandscapeLeft UIInterfaceOrientationLandscapeRight";
				LD_RUNPATH_SEARCH_PATHS = (
					"$(inherited)",
					"@executable_path/Frameworks",
				);
				MARKETING_VERSION = 1.0;
				PRODUCT_BUNDLE_IDENTIFIER = "con.jonas.Hacker-News-SwiftUI";
				PRODUCT_NAME = "$(TARGET_NAME)";
				SWIFT_EMIT_LOC_STRINGS = YES;
				SWIFT_VERSION = 5.0;
				TARGETED_DEVICE_FAMILY = "1,2";
			};
			name = Release;
		};
/* End XCBuildConfiguration section */

/* Begin XCConfigurationList section */
		2EE7081C28F47775001519F2 /* Build configuration list for PBXProject "Hacker-News-SwiftUI" */ = {
			isa = XCConfigurationList;
			buildConfigurations = (
				2EE7082D28F47777001519F2 /* Debug */,
				2EE7082E28F47777001519F2 /* Release */,
			);
			defaultConfigurationIsVisible = 0;
			defaultConfigurationName = Release;
		};
		2EE7082F28F47777001519F2 /* Build configuration list for PBXNativeTarget "Hacker-News-SwiftUI" */ = {
			isa = XCConfigurationList;
			buildConfigurations = (
				2EE7083028F47777001519F2 /* Debug */,
				2EE7083128F47777001519F2 /* Release */,
			);
			defaultConfigurationIsVisible = 0;
			defaultConfigurationName = Release;
		};
/* End XCConfigurationList section */
	};
	rootObject = 2EE7081928F47775001519F2 /* Project object */;
}
